
Microsoft Visual Studio Solution File, Format Version 12.00
# Visual Studio Version 17
VisualStudioVersion = 17.3.32825.248
MinimumVisualStudioVersion = 10.0.40219.1
Project("{FAE04EC0-301F-11D3-BF4B-00C04F79EFBC}") = "Task1", "Task1\Task1.csproj", "{53105337-B8EE-4B7E-B30B-9434211272DA}"
EndProject
Project("{FAE04EC0-301F-11D3-BF4B-00C04F79EFBC}") = "Task2", "Task2\Task2.csproj", "{B4E46C52-534A-4F9F-ABC0-BB2F999157A1}"
EndProject
Global
	GlobalSection(SolutionConfigurationPlatforms) = preSolution
		Debug|Any CPU = Debug|Any CPU
		Release|Any CPU = Release|Any CPU
	EndGlobalSection
	GlobalSection(ProjectConfigurationPlatforms) = postSolution
		{53105337-B8EE-4B7E-B30B-9434211272DA}.Debug|Any CPU.ActiveCfg = Debug|Any CPU
		{53105337-B8EE-4B7E-B30B-9434211272DA}.Debug|Any CPU.Build.0 = Debug|Any CPU
		{53105337-B8EE-4B7E-B30B-9434211272DA}.Release|Any CPU.ActiveCfg = Release|Any CPU
		{53105337-B8EE-4B7E-B30B-9434211272DA}.Release|Any CPU.Build.0 = Release|Any CPU
		{B4E46C52-534A-4F9F-ABC0-BB2F999157A1}.Debug|Any CPU.ActiveCfg = Debug|Any CPU
		{B4E46C52-534A-4F9F-ABC0-BB2F999157A1}.Debug|Any CPU.Build.0 = Debug|Any CPU
		{B4E46C52-534A-4F9F-ABC0-BB2F999157A1}.Release|Any CPU.ActiveCfg = Release|Any CPU
		{B4E46C52-534A-4F9F-ABC0-BB2F999157A1}.Release|Any CPU.Build.0 = Release|Any CPU
	EndGlobalSection
	GlobalSection(SolutionProperties) = preSolution
		HideSolutionNode = FALSE
	EndGlobalSection
	GlobalSection(ExtensibilityGlobals) = postSolution
		SolutionGuid = {AC4B411C-708C-4F62-B445-B08DDD3D2E92}
	EndGlobalSection
EndGlobal
